// !$*UTF8*$!
{
	archiveVersion = 1;
	classes = {
	};
	objectVersion = 48;
	objects = {

/* Begin PBXBuildFile section */
		935B437A202FB4E50042D9C6 /* CustomTextField.swift in Sources */ = {isa = PBXBuildFile; fileRef = 935B4379202FB4E40042D9C6 /* CustomTextField.swift */; };
		936B1C0E202B8819000A073E /* AppDelegate.swift in Sources */ = {isa = PBXBuildFile; fileRef = 936B1C0D202B8819000A073E /* AppDelegate.swift */; };
		936B1C10202B8819000A073E /* MainVC.swift in Sources */ = {isa = PBXBuildFile; fileRef = 936B1C0F202B8819000A073E /* MainVC.swift */; };
		936B1C13202B8819000A073E /* Main.storyboard in Resources */ = {isa = PBXBuildFile; fileRef = 936B1C11202B8819000A073E /* Main.storyboard */; };
		936B1C16202B8819000A073E /* WishList.xcdatamodeld in Sources */ = {isa = PBXBuildFile; fileRef = 936B1C14202B8819000A073E /* WishList.xcdatamodeld */; };
		936B1C18202B8819000A073E /* Assets.xcassets in Resources */ = {isa = PBXBuildFile; fileRef = 936B1C17202B8819000A073E /* Assets.xcassets */; };
		936B1C1B202B8819000A073E /* LaunchScreen.storyboard in Resources */ = {isa = PBXBuildFile; fileRef = 936B1C19202B8819000A073E /* LaunchScreen.storyboard */; };
		936B1C3C202BBF35000A073E /* ItemType+CoreDataClass.swift in Sources */ = {isa = PBXBuildFile; fileRef = 936B1C34202BBF35000A073E /* ItemType+CoreDataClass.swift */; };
		936B1C3D202BBF35000A073E /* ItemType+CoreDataProperties.swift in Sources */ = {isa = PBXBuildFile; fileRef = 936B1C35202BBF35000A073E /* ItemType+CoreDataProperties.swift */; };
		936B1C3E202BBF35000A073E /* Item+CoreDataClass.swift in Sources */ = {isa = PBXBuildFile; fileRef = 936B1C36202BBF35000A073E /* Item+CoreDataClass.swift */; };
		936B1C3F202BBF35000A073E /* Item+CoreDataProperties.swift in Sources */ = {isa = PBXBuildFile; fileRef = 936B1C37202BBF35000A073E /* Item+CoreDataProperties.swift */; };
		936B1C40202BBF35000A073E /* Store+CoreDataClass.swift in Sources */ = {isa = PBXBuildFile; fileRef = 936B1C38202BBF35000A073E /* Store+CoreDataClass.swift */; };
		936B1C41202BBF35000A073E /* Store+CoreDataProperties.swift in Sources */ = {isa = PBXBuildFile; fileRef = 936B1C39202BBF35000A073E /* Store+CoreDataProperties.swift */; };
		936B1C42202BBF35000A073E /* Image+CoreDataClass.swift in Sources */ = {isa = PBXBuildFile; fileRef = 936B1C3A202BBF35000A073E /* Image+CoreDataClass.swift */; };
		936B1C43202BBF35000A073E /* Image+CoreDataProperties.swift in Sources */ = {isa = PBXBuildFile; fileRef = 936B1C3B202BBF35000A073E /* Image+CoreDataProperties.swift */; };
		936B1C47202BC70F000A073E /* MaterialView.swift in Sources */ = {isa = PBXBuildFile; fileRef = 936B1C46202BC70F000A073E /* MaterialView.swift */; };
		936B1C49202BCA1F000A073E /* ItemCell.swift in Sources */ = {isa = PBXBuildFile; fileRef = 936B1C48202BCA1F000A073E /* ItemCell.swift */; };
		936B1C4D202E6AB1000A073E /* ItemDetailsVC.swift in Sources */ = {isa = PBXBuildFile; fileRef = 936B1C4C202E6AB1000A073E /* ItemDetailsVC.swift */; };
/* End PBXBuildFile section */

/* Begin PBXFileReference section */
		935B4379202FB4E40042D9C6 /* CustomTextField.swift */ = {isa = PBXFileReference; fileEncoding = 4; lastKnownFileType = sourcecode.swift; path = CustomTextField.swift; sourceTree = "<group>"; };
		936B1C0A202B8819000A073E /* WishList.app */ = {isa = PBXFileReference; explicitFileType = wrapper.application; includeInIndex = 0; path = WishList.app; sourceTree = BUILT_PRODUCTS_DIR; };
		936B1C0D202B8819000A073E /* AppDelegate.swift */ = {isa = PBXFileReference; lastKnownFileType = sourcecode.swift; path = AppDelegate.swift; sourceTree = "<group>"; };
		936B1C0F202B8819000A073E /* MainVC.swift */ = {isa = PBXFileReference; lastKnownFileType = sourcecode.swift; path = MainVC.swift; sourceTree = "<group>"; };
		936B1C12202B8819000A073E /* Base */ = {isa = PBXFileReference; lastKnownFileType = file.storyboard; name = Base; path = Base.lproj/Main.storyboard; sourceTree = "<group>"; };
		936B1C15202B8819000A073E /* WishList.xcdatamodel */ = {isa = PBXFileReference; lastKnownFileType = wrapper.xcdatamodel; path = WishList.xcdatamodel; sourceTree = "<group>"; };
		936B1C17202B8819000A073E /* Assets.xcassets */ = {isa = PBXFileReference; lastKnownFileType = folder.assetcatalog; path = Assets.xcassets; sourceTree = "<group>"; };
		936B1C1A202B8819000A073E /* Base */ = {isa = PBXFileReference; lastKnownFileType = file.storyboard; name = Base; path = Base.lproj/LaunchScreen.storyboard; sourceTree = "<group>"; };
		936B1C1C202B8819000A073E /* Info.plist */ = {isa = PBXFileReference; lastKnownFileType = text.plist.xml; path = Info.plist; sourceTree = "<group>"; };
		936B1C34202BBF35000A073E /* ItemType+CoreDataClass.swift */ = {isa = PBXFileReference; lastKnownFileType = sourcecode.swift; path = "ItemType+CoreDataClass.swift"; sourceTree = "<group>"; };
		936B1C35202BBF35000A073E /* ItemType+CoreDataProperties.swift */ = {isa = PBXFileReference; lastKnownFileType = sourcecode.swift; path = "ItemType+CoreDataProperties.swift"; sourceTree = "<group>"; };
		936B1C36202BBF35000A073E /* Item+CoreDataClass.swift */ = {isa = PBXFileReference; lastKnownFileType = sourcecode.swift; path = "Item+CoreDataClass.swift"; sourceTree = "<group>"; };
		936B1C37202BBF35000A073E /* Item+CoreDataProperties.swift */ = {isa = PBXFileReference; lastKnownFileType = sourcecode.swift; path = "Item+CoreDataProperties.swift"; sourceTree = "<group>"; };
		936B1C38202BBF35000A073E /* Store+CoreDataClass.swift */ = {isa = PBXFileReference; lastKnownFileType = sourcecode.swift; path = "Store+CoreDataClass.swift"; sourceTree = "<group>"; };
		936B1C39202BBF35000A073E /* Store+CoreDataProperties.swift */ = {isa = PBXFileReference; lastKnownFileType = sourcecode.swift; path = "Store+CoreDataProperties.swift"; sourceTree = "<group>"; };
		936B1C3A202BBF35000A073E /* Image+CoreDataClass.swift */ = {isa = PBXFileReference; lastKnownFileType = sourcecode.swift; path = "Image+CoreDataClass.swift"; sourceTree = "<group>"; };
		936B1C3B202BBF35000A073E /* Image+CoreDataProperties.swift */ = {isa = PBXFileReference; lastKnownFileType = sourcecode.swift; path = "Image+CoreDataProperties.swift"; sourceTree = "<group>"; };
		936B1C46202BC70F000A073E /* MaterialView.swift */ = {isa = PBXFileReference; lastKnownFileType = sourcecode.swift; path = MaterialView.swift; sourceTree = "<group>"; };
		936B1C48202BCA1F000A073E /* ItemCell.swift */ = {isa = PBXFileReference; lastKnownFileType = sourcecode.swift; path = ItemCell.swift; sourceTree = "<group>"; };
		936B1C4C202E6AB1000A073E /* ItemDetailsVC.swift */ = {isa = PBXFileReference; lastKnownFileType = sourcecode.swift; path = ItemDetailsVC.swift; sourceTree = "<group>"; };
/* End PBXFileReference section */

/* Begin PBXFrameworksBuildPhase section */
		936B1C07202B8819000A073E /* Frameworks */ = {
			isa = PBXFrameworksBuildPhase;
			buildActionMask = 2147483647;
			files = (
			);
			runOnlyForDeploymentPostprocessing = 0;
		};
/* End PBXFrameworksBuildPhase section */

/* Begin PBXGroup section */
		936B1C01202B8818000A073E = {
			isa = PBXGroup;
			children = (
				936B1C0C202B8819000A073E /* WishList */,
				936B1C0B202B8819000A073E /* Products */,
			);
			sourceTree = "<group>";
		};
		936B1C0B202B8819000A073E /* Products */ = {
			isa = PBXGroup;
			children = (
				936B1C0A202B8819000A073E /* WishList.app */,
			);
			name = Products;
			sourceTree = "<group>";
		};
		936B1C0C202B8819000A073E /* WishList */ = {
			isa = PBXGroup;
			children = (
				936B1C32202BBCE8000A073E /* Model */,
				936B1C44202BBFE4000A073E /* View */,
				936B1C45202BBFE9000A073E /* Controller */,
				936B1C0D202B8819000A073E /* AppDelegate.swift */,
				936B1C17202B8819000A073E /* Assets.xcassets */,
				935B4379202FB4E40042D9C6 /* CustomTextField.swift */,
				936B1C1C202B8819000A073E /* Info.plist */,
				936B1C14202B8819000A073E /* WishList.xcdatamodeld */,
				936B1C33202BBCED000A073E /* Generated */,
			);
			path = WishList;
			sourceTree = "<group>";
		};
		936B1C32202BBCE8000A073E /* Model */ = {
			isa = PBXGroup;
			children = (
				936B1C34202BBF35000A073E /* ItemType+CoreDataClass.swift */,
				936B1C36202BBF35000A073E /* Item+CoreDataClass.swift */,
				936B1C38202BBF35000A073E /* Store+CoreDataClass.swift */,
				936B1C3A202BBF35000A073E /* Image+CoreDataClass.swift */,
			);
			path = Model;
			sourceTree = "<group>";
		};
		936B1C33202BBCED000A073E /* Generated */ = {
			isa = PBXGroup;
			children = (
				936B1C35202BBF35000A073E /* ItemType+CoreDataProperties.swift */,
				936B1C37202BBF35000A073E /* Item+CoreDataProperties.swift */,
				936B1C39202BBF35000A073E /* Store+CoreDataProperties.swift */,
				936B1C3B202BBF35000A073E /* Image+CoreDataProperties.swift */,
			);
			path = Generated;
			sourceTree = "<group>";
		};
		936B1C44202BBFE4000A073E /* View */ = {
			isa = PBXGroup;
			children = (
				936B1C19202B8819000A073E /* LaunchScreen.storyboard */,
				936B1C11202B8819000A073E /* Main.storyboard */,
				936B1C46202BC70F000A073E /* MaterialView.swift */,
				936B1C48202BCA1F000A073E /* ItemCell.swift */,
			);
			path = View;
			sourceTree = "<group>";
		};
		936B1C45202BBFE9000A073E /* Controller */ = {
			isa = PBXGroup;
			children = (
				936B1C0F202B8819000A073E /* MainVC.swift */,
				936B1C4C202E6AB1000A073E /* ItemDetailsVC.swift */,
			);
			path = Controller;
			sourceTree = "<group>";
		};
/* End PBXGroup section */

/* Begin PBXNativeTarget section */
		936B1C09202B8819000A073E /* WishList */ = {
			isa = PBXNativeTarget;
			buildConfigurationList = 936B1C1F202B8819000A073E /* Build configuration list for PBXNativeTarget "WishList" */;
			buildPhases = (
				936B1C06202B8819000A073E /* Sources */,
				936B1C07202B8819000A073E /* Frameworks */,
				936B1C08202B8819000A073E /* Resources */,
			);
			buildRules = (
			);
			dependencies = (
			);
			name = WishList;
			productName = WishList;
			productReference = 936B1C0A202B8819000A073E /* WishList.app */;
			productType = "com.apple.product-type.application";
		};
/* End PBXNativeTarget section */

/* Begin PBXProject section */
		936B1C02202B8818000A073E /* Project object */ = {
			isa = PBXProject;
			attributes = {
				LastSwiftUpdateCheck = 0920;
				LastUpgradeCheck = 0920;
				ORGANIZATIONNAME = "Wassim Mouhajer";
				TargetAttributes = {
					936B1C09202B8819000A073E = {
						CreatedOnToolsVersion = 9.2;
						ProvisioningStyle = Automatic;
					};
				};
			};
			buildConfigurationList = 936B1C05202B8818000A073E /* Build configuration list for PBXProject "WishList" */;
			compatibilityVersion = "Xcode 8.0";
			developmentRegion = en;
			hasScannedForEncodings = 0;
			knownRegions = (
				en,
				Base,
			);
			mainGroup = 936B1C01202B8818000A073E;
			productRefGroup = 936B1C0B202B8819000A073E /* Products */;
			projectDirPath = "";
			projectRoot = "";
			targets = (
				936B1C09202B8819000A073E /* WishList */,
			);
		};
/* End PBXProject section */

/* Begin PBXResourcesBuildPhase section */
		936B1C08202B8819000A073E /* Resources */ = {
			isa = PBXResourcesBuildPhase;
			buildActionMask = 2147483647;
			files = (
				936B1C1B202B8819000A073E /* LaunchScreen.storyboard in Resources */,
				936B1C18202B8819000A073E /* Assets.xcassets in Resources */,
				936B1C13202B8819000A073E /* Main.storyboard in Resources */,
			);
			runOnlyForDeploymentPostprocessing = 0;
		};
/* End PBXResourcesBuildPhase section */

/* Begin PBXSourcesBuildPhase section */
		936B1C06202B8819000A073E /* Sources */ = {
			isa = PBXSourcesBuildPhase;
			buildActionMask = 2147483647;
			files = (
				936B1C49202BCA1F000A073E /* ItemCell.swift in Sources */,
				936B1C3F202BBF35000A073E /* Item+CoreDataProperties.swift in Sources */,
				936B1C3E202BBF35000A073E /* Item+CoreDataClass.swift in Sources */,
				936B1C3C202BBF35000A073E /* ItemType+CoreDataClass.swift in Sources */,
				936B1C47202BC70F000A073E /* MaterialView.swift in Sources */,
				936B1C3D202BBF35000A073E /* ItemType+CoreDataProperties.swift in Sources */,
				936B1C41202BBF35000A073E /* Store+CoreDataProperties.swift in Sources */,
				936B1C10202B8819000A073E /* MainVC.swift in Sources */,
				936B1C4D202E6AB1000A073E /* ItemDetailsVC.swift in Sources */,
				936B1C40202BBF35000A073E /* Store+CoreDataClass.swift in Sources */,
				936B1C0E202B8819000A073E /* AppDelegate.swift in Sources */,
				936B1C16202B8819000A073E /* WishList.xcdatamodeld in Sources */,
				936B1C42202BBF35000A073E /* Image+CoreDataClass.swift in Sources */,
				936B1C43202BBF35000A073E /* Image+CoreDataProperties.swift in Sources */,
				935B437A202FB4E50042D9C6 /* CustomTextField.swift in Sources */,
			);
			runOnlyForDeploymentPostprocessing = 0;
		};
/* End PBXSourcesBuildPhase section */

/* Begin PBXVariantGroup section */
		936B1C11202B8819000A073E /* Main.storyboard */ = {
			isa = PBXVariantGroup;
			children = (
				936B1C12202B8819000A073E /* Base */,
			);
			name = Main.storyboard;
			sourceTree = "<group>";
		};
		936B1C19202B8819000A073E /* LaunchScreen.storyboard */ = {
			isa = PBXVariantGroup;
			children = (
				936B1C1A202B8819000A073E /* Base */,
			);
			name = LaunchScreen.storyboard;
			sourceTree = "<group>";
		};
/* End PBXVariantGroup section */

/* Begin XCBuildConfiguration section */
		936B1C1D202B8819000A073E /* Debug */ = {
			isa = XCBuildConfiguration;
			buildSettings = {
				ALWAYS_SEARCH_USER_PATHS = NO;
				CLANG_ANALYZER_NONNULL = YES;
				CLANG_ANALYZER_NUMBER_OBJECT_CONVERSION = YES_AGGRESSIVE;
				CLANG_CXX_LANGUAGE_STANDARD = "gnu++14";
				CLANG_CXX_LIBRARY = "libc++";
				CLANG_ENABLE_MODULES = YES;
				CLANG_ENABLE_OBJC_ARC = YES;
				CLANG_WARN_BLOCK_CAPTURE_AUTORELEASING = YES;
				CLANG_WARN_BOOL_CONVERSION = YES;
				CLANG_WARN_COMMA = YES;
				CLANG_WARN_CONSTANT_CONVERSION = YES;
				CLANG_WARN_DIRECT_OBJC_ISA_USAGE = YES_ERROR;
				CLANG_WARN_DOCUMENTATION_COMMENTS = YES;
				CLANG_WARN_EMPTY_BODY = YES;
				CLANG_WARN_ENUM_CONVERSION = YES;
				CLANG_WARN_INFINITE_RECURSION = YES;
				CLANG_WARN_INT_CONVERSION = YES;
				CLANG_WARN_NON_LITERAL_NULL_CONVERSION = YES;
				CLANG_WARN_OBJC_LITERAL_CONVERSION = YES;
				CLANG_WARN_OBJC_ROOT_CLASS = YES_ERROR;
				CLANG_WARN_RANGE_LOOP_ANALYSIS = YES;
				CLANG_WARN_STRICT_PROTOTYPES = YES;
				CLANG_WARN_SUSPICIOUS_MOVE = YES;
				CLANG_WARN_UNGUARDED_AVAILABILITY = YES_AGGRESSIVE;
				CLANG_WARN_UNREACHABLE_CODE = YES;
				CLANG_WARN__DUPLICATE_METHOD_MATCH = YES;
				CODE_SIGN_IDENTITY = "iPhone Developer";
				COPY_PHASE_STRIP = NO;
				DEBUG_INFORMATION_FORMAT = dwarf;
				ENABLE_STRICT_OBJC_MSGSEND = YES;
				ENABLE_TESTABILITY = YES;
				GCC_C_LANGUAGE_STANDARD = gnu11;
				GCC_DYNAMIC_NO_PIC = NO;
				GCC_NO_COMMON_BLOCKS = YES;
				GCC_OPTIMIZATION_LEVEL = 0;
				GCC_PREPROCESSOR_DEFINITIONS = (
					"DEBUG=1",
					"$(inherited)",
				);
				GCC_WARN_64_TO_32_BIT_CONVERSION = YES;
				GCC_WARN_ABOUT_RETURN_TYPE = YES_ERROR;
				GCC_WARN_UNDECLARED_SELECTOR = YES;
				GCC_WARN_UNINITIALIZED_AUTOS = YES_AGGRESSIVE;
				GCC_WARN_UNUSED_FUNCTION = YES;
				GCC_WARN_UNUSED_VARIABLE = YES;
				IPHONEOS_DEPLOYMENT_TARGET = 11.2;
				MTL_ENABLE_DEBUG_INFO = YES;
				ONLY_ACTIVE_ARCH = YES;
				SDKROOT = iphoneos;
				SWIFT_ACTIVE_COMPILATION_CONDITIONS = DEBUG;
				SWIFT_OPTIMIZATION_LEVEL = "-Onone";
			};
			name = Debug;
		};
		936B1C1E202B8819000A073E /* Release */ = {
			isa = XCBuildConfiguration;
			buildSettings = {
				ALWAYS_SEARCH_USER_PATHS = NO;
				CLANG_ANALYZER_NONNULL = YES;
				CLANG_ANALYZER_NUMBER_OBJECT_CONVERSION = YES_AGGRESSIVE;
				CLANG_CXX_LANGUAGE_STANDARD = "gnu++14";
				CLANG_CXX_LIBRARY = "libc++";
				CLANG_ENABLE_MODULES = YES;
				CLANG_ENABLE_OBJC_ARC = YES;
				CLANG_WARN_BLOCK_CAPTURE_AUTORELEASING = YES;
				CLANG_WARN_BOOL_CONVERSION = YES;
				CLANG_WARN_COMMA = YES;
				CLANG_WARN_CONSTANT_CONVERSION = YES;
				CLANG_WARN_DIRECT_OBJC_ISA_USAGE = YES_ERROR;
				CLANG_WARN_DOCUMENTATION_COMMENTS = YES;
				CLANG_WARN_EMPTY_BODY = YES;
				CLANG_WARN_ENUM_CONVERSION = YES;
				CLANG_WARN_INFINITE_RECURSION = YES;
				CLANG_WARN_INT_CONVERSION = YES;
				CLANG_WARN_NON_LITERAL_NULL_CONVERSION = YES;
				CLANG_WARN_OBJC_LITERAL_CONVERSION = YES;
				CLANG_WARN_OBJC_ROOT_CLASS = YES_ERROR;
				CLANG_WARN_RANGE_LOOP_ANALYSIS = YES;
				CLANG_WARN_STRICT_PROTOTYPES = YES;
				CLANG_WARN_SUSPICIOUS_MOVE = YES;
				CLANG_WARN_UNGUARDED_AVAILABILITY = YES_AGGRESSIVE;
				CLANG_WARN_UNREACHABLE_CODE = YES;
				CLANG_WARN__DUPLICATE_METHOD_MATCH = YES;
				CODE_SIGN_IDENTITY = "iPhone Developer";
				COPY_PHASE_STRIP = NO;
				DEBUG_INFORMATION_FORMAT = "dwarf-with-dsym";
				ENABLE_NS_ASSERTIONS = NO;
				ENABLE_STRICT_OBJC_MSGSEND = YES;
				GCC_C_LANGUAGE_STANDARD = gnu11;
				GCC_NO_COMMON_BLOCKS = YES;
				GCC_WARN_64_TO_32_BIT_CONVERSION = YES;
				GCC_WARN_ABOUT_RETURN_TYPE = YES_ERROR;
				GCC_WARN_UNDECLARED_SELECTOR = YES;
				GCC_WARN_UNINITIALIZED_AUTOS = YES_AGGRESSIVE;
				GCC_WARN_UNUSED_FUNCTION = YES;
				GCC_WARN_UNUSED_VARIABLE = YES;
				IPHONEOS_DEPLOYMENT_TARGET = 11.2;
				MTL_ENABLE_DEBUG_INFO = NO;
				SDKROOT = iphoneos;
				SWIFT_OPTIMIZATION_LEVEL = "-Owholemodule";
				VALIDATE_PRODUCT = YES;
			};
			name = Release;
		};
		936B1C20202B8819000A073E /* Debug */ = {
			isa = XCBuildConfiguration;
			buildSettings = {
				ASSETCATALOG_COMPILER_APPICON_NAME = AppIcon;
				CODE_SIGN_STYLE = Automatic;
				DEVELOPMENT_TEAM = 9646C9L9GA;
				INFOPLIST_FILE = WishList/Info.plist;
				LD_RUNPATH_SEARCH_PATHS = "$(inherited) @executable_path/Frameworks";
				PRODUCT_BUNDLE_IDENTIFIER = com.ElectroZone.WishList;
				PRODUCT_NAME = "$(TARGET_NAME)";
				SWIFT_VERSION = 4.0;
				TARGETED_DEVICE_FAMILY = "1,2";
			};
			name = Debug;
		};
		936B1C21202B8819000A073E /* Release */ = {
			isa = XCBuildConfiguration;
			buildSettings = {
				ASSETCATALOG_COMPILER_APPICON_NAME = AppIcon;
				CODE_SIGN_STYLE = Automatic;
				DEVELOPMENT_TEAM = 9646C9L9GA;
				INFOPLIST_FILE = WishList/Info.plist;
				LD_RUNPATH_SEARCH_PATHS = "$(inherited) @executable_path/Frameworks";
				PRODUCT_BUNDLE_IDENTIFIER = com.ElectroZone.WishList;
				PRODUCT_NAME = "$(TARGET_NAME)";
				SWIFT_VERSION = 4.0;
				TARGETED_DEVICE_FAMILY = "1,2";
			};
			name = Release;
		};
/* End XCBuildConfiguration section */

/* Begin XCConfigurationList section */
		936B1C05202B8818000A073E /* Build configuration list for PBXProject "WishList" */ = {
			isa = XCConfigurationList;
			buildConfigurations = (
				936B1C1D202B8819000A073E /* Debug */,
				936B1C1E202B8819000A073E /* Release */,
			);
			defaultConfigurationIsVisible = 0;
			defaultConfigurationName = Release;
		};
		936B1C1F202B8819000A073E /* Build configuration list for PBXNativeTarget "WishList" */ = {
			isa = XCConfigurationList;
			buildConfigurations = (
				936B1C20202B8819000A073E /* Debug */,
				936B1C21202B8819000A073E /* Release */,
			);
			defaultConfigurationIsVisible = 0;
			defaultConfigurationName = Release;
		};
/* End XCConfigurationList section */

/* Begin XCVersionGroup section */
		936B1C14202B8819000A073E /* WishList.xcdatamodeld */ = {
			isa = XCVersionGroup;
			children = (
				936B1C15202B8819000A073E /* WishList.xcdatamodel */,
			);
			currentVersion = 936B1C15202B8819000A073E /* WishList.xcdatamodel */;
			path = WishList.xcdatamodeld;
			sourceTree = "<group>";
			versionGroupType = wrapper.xcdatamodel;
		};
/* End XCVersionGroup section */
	};
	rootObject = 936B1C02202B8818000A073E /* Project object */;
}
